
Microsoft Visual Studio Solution File, Format Version 12.00
# Visual Studio Version 17
VisualStudioVersion = 17.4.33110.190
MinimumVisualStudioVersion = 10.0.40219.1
Project("{9A19103F-16F7-4668-BE54-9A1E7A4F7556}") = "PcbManager.WebHost", "PcbManager\PcbManager.WebHost.csproj", "{A2449AD9-45DB-4A28-95EE-58C33EF1C24F}"
EndProject
Project("{9A19103F-16F7-4668-BE54-9A1E7A4F7556}") = "PcbManager.WebApi", "PcbManager.WebApi\PcbManager.WebApi.csproj", "{A4CF8207-C8CB-4C83-AC42-B466B40F9423}"
EndProject
Project("{9A19103F-16F7-4668-BE54-9A1E7A4F7556}") = "PcbManager.App", "PcbManager.App\PcbManager.App.csproj", "{C5EDFDB1-9931-4A02-8852-45820D3A9683}"
EndProject
Project("{9A19103F-16F7-4668-BE54-9A1E7A4F7556}") = "PcbManager.Domain", "PcbManager.Domain\PcbManager.Domain.csproj", "{FA789626-F018-40B0-B081-B10CB00F39E0}"
EndProject
Project("{9A19103F-16F7-4668-BE54-9A1E7A4F7556}") = "PcbManager.DAL", "PcbManager.DAL\PcbManager.DAL.csproj", "{8B8EBD4A-EFDB-441B-A238-77F7441F65F2}"
EndProject
Project("{9A19103F-16F7-4668-BE54-9A1E7A4F7556}") = "PcbManager.FileSystem", "PcbManager.FileSystem\PcbManager.FileSystem.csproj", "{E5EEEC0C-DBC3-4F92-BDD6-C5829CB05C73}"
EndProject
Project("{FAE04EC0-301F-11D3-BF4B-00C04F79EFBC}") = "PcbManager.Tests", "PcbManager.Tests\PcbManager.Tests.csproj", "{2D07289A-D4B6-405E-A3BA-A9C039226025}"
EndProject
Global
	GlobalSection(SolutionConfigurationPlatforms) = preSolution
		Debug|Any CPU = Debug|Any CPU
		Release|Any CPU = Release|Any CPU
	EndGlobalSection
	GlobalSection(ProjectConfigurationPlatforms) = postSolution
		{A2449AD9-45DB-4A28-95EE-58C33EF1C24F}.Debug|Any CPU.ActiveCfg = Debug|Any CPU
		{A2449AD9-45DB-4A28-95EE-58C33EF1C24F}.Debug|Any CPU.Build.0 = Debug|Any CPU
		{A2449AD9-45DB-4A28-95EE-58C33EF1C24F}.Release|Any CPU.ActiveCfg = Release|Any CPU
		{A2449AD9-45DB-4A28-95EE-58C33EF1C24F}.Release|Any CPU.Build.0 = Release|Any CPU
		{A4CF8207-C8CB-4C83-AC42-B466B40F9423}.Debug|Any CPU.ActiveCfg = Debug|Any CPU
		{A4CF8207-C8CB-4C83-AC42-B466B40F9423}.Debug|Any CPU.Build.0 = Debug|Any CPU
		{A4CF8207-C8CB-4C83-AC42-B466B40F9423}.Release|Any CPU.ActiveCfg = Release|Any CPU
		{A4CF8207-C8CB-4C83-AC42-B466B40F9423}.Release|Any CPU.Build.0 = Release|Any CPU
		{C5EDFDB1-9931-4A02-8852-45820D3A9683}.Debug|Any CPU.ActiveCfg = Debug|Any CPU
		{C5EDFDB1-9931-4A02-8852-45820D3A9683}.Debug|Any CPU.Build.0 = Debug|Any CPU
		{C5EDFDB1-9931-4A02-8852-45820D3A9683}.Release|Any CPU.ActiveCfg = Release|Any CPU
		{C5EDFDB1-9931-4A02-8852-45820D3A9683}.Release|Any CPU.Build.0 = Release|Any CPU
		{FA789626-F018-40B0-B081-B10CB00F39E0}.Debug|Any CPU.ActiveCfg = Debug|Any CPU
		{FA789626-F018-40B0-B081-B10CB00F39E0}.Debug|Any CPU.Build.0 = Debug|Any CPU
		{FA789626-F018-40B0-B081-B10CB00F39E0}.Release|Any CPU.ActiveCfg = Release|Any CPU
		{FA789626-F018-40B0-B081-B10CB00F39E0}.Release|Any CPU.Build.0 = Release|Any CPU
		{8B8EBD4A-EFDB-441B-A238-77F7441F65F2}.Debug|Any CPU.ActiveCfg = Debug|Any CPU
		{8B8EBD4A-EFDB-441B-A238-77F7441F65F2}.Debug|Any CPU.Build.0 = Debug|Any CPU
		{8B8EBD4A-EFDB-441B-A238-77F7441F65F2}.Release|Any CPU.ActiveCfg = Release|Any CPU
		{8B8EBD4A-EFDB-441B-A238-77F7441F65F2}.Release|Any CPU.Build.0 = Release|Any CPU
		{E5EEEC0C-DBC3-4F92-BDD6-C5829CB05C73}.Debug|Any CPU.ActiveCfg = Debug|Any CPU
		{E5EEEC0C-DBC3-4F92-BDD6-C5829CB05C73}.Debug|Any CPU.Build.0 = Debug|Any CPU
		{E5EEEC0C-DBC3-4F92-BDD6-C5829CB05C73}.Release|Any CPU.ActiveCfg = Release|Any CPU
		{E5EEEC0C-DBC3-4F92-BDD6-C5829CB05C73}.Release|Any CPU.Build.0 = Release|Any CPU
		{2D07289A-D4B6-405E-A3BA-A9C039226025}.Debug|Any CPU.ActiveCfg = Debug|Any CPU
		{2D07289A-D4B6-405E-A3BA-A9C039226025}.Debug|Any CPU.Build.0 = Debug|Any CPU
		{2D07289A-D4B6-405E-A3BA-A9C039226025}.Release|Any CPU.ActiveCfg = Release|Any CPU
		{2D07289A-D4B6-405E-A3BA-A9C039226025}.Release|Any CPU.Build.0 = Release|Any CPU
	EndGlobalSection
	GlobalSection(SolutionProperties) = preSolution
		HideSolutionNode = FALSE
	EndGlobalSection
	GlobalSection(ExtensibilityGlobals) = postSolution
		SolutionGuid = {5B676CFD-7B85-46FE-BF65-8258909F2EAD}
	EndGlobalSection
EndGlobal
